
Microsoft Visual Studio Solution File, Format Version 12.00
# Visual Studio Version 17
VisualStudioVersion = 17.0.32014.148
MinimumVisualStudioVersion = 10.0.40219.1
Project("{FAE04EC0-301F-11D3-BF4B-00C04F79EFBC}") = "PetAdopterAPI", "PetAdopterAPI\PetAdopterAPI.csproj", "{FC3D044E-EDF0-40A5-9FF6-D47A1F066F69}"
EndProject
Global
	GlobalSection(SolutionConfigurationPlatforms) = preSolution
		Debug|Any CPU = Debug|Any CPU
		Release|Any CPU = Release|Any CPU
	EndGlobalSection
	GlobalSection(ProjectConfigurationPlatforms) = postSolution
		{FC3D044E-EDF0-40A5-9FF6-D47A1F066F69}.Debug|Any CPU.ActiveCfg = Debug|Any CPU
		{FC3D044E-EDF0-40A5-9FF6-D47A1F066F69}.Debug|Any CPU.Build.0 = Debug|Any CPU
		{FC3D044E-EDF0-40A5-9FF6-D47A1F066F69}.Release|Any CPU.ActiveCfg = Release|Any CPU
		{FC3D044E-EDF0-40A5-9FF6-D47A1F066F69}.Release|Any CPU.Build.0 = Release|Any CPU
	EndGlobalSection
	GlobalSection(SolutionProperties) = preSolution
		HideSolutionNode = FALSE
	EndGlobalSection
	GlobalSection(ExtensibilityGlobals) = postSolution
		SolutionGuid = {B5909B2B-D36F-4D8C-A7C8-2BA7B9FC205B}
	EndGlobalSection
EndGlobal
